<?xml version="1.0" encoding="UTF-8" standalone="yes" ?>
<CodeBlocks_project_file>
	<FileVersion major="1" minor="6" />
	<Project>
		<Option title="bigsat" />
		<Option pch_mode="2" />
		<Option compiler="gcc" />
		<Build>
			<Target title="Debug">
				<Option output="bin/Debug/bigsat" prefix_auto="1" extension_auto="1" />
				<Option object_output="obj/Debug/" />
				<Option type="1" />
				<Option compiler="gcc" />
				<Compiler>
					<Add option="-g" />
				</Compiler>
			</Target>
			<Target title="Release">
				<Option output="bin/Release/bigsat" prefix_auto="1" extension_auto="1" />
				<Option object_output="obj/Release/" />
				<Option type="1" />
				<Option compiler="gcc" />
				<Compiler>
					<Add option="-O2" />
				</Compiler>
				<Linker>
					<Add option="-s" />
				</Linker>
			</Target>
		</Build>
		<Compiler>
			<Add option="-Wall" />
		</Compiler>
		<Unit filename="../core/Dimacs.h" />
		<Unit filename="../core/Main.cc" />
		<Unit filename="../core/Makefile" />
		<Unit filename="../core/Solver.cc" />
		<Unit filename="../core/Solver.h" />
		<Unit filename="../core/SolverTypes.h" />
		<Unit filename="../mtl/Alg.h" />
		<Unit filename="../mtl/Alloc.h" />
		<Unit filename="../mtl/Heap.h" />
		<Unit filename="../mtl/IntTypes.h" />
		<Unit filename="../mtl/List.h" />
		<Unit filename="../mtl/Map.h" />
		<Unit filename="../mtl/Queue.h" />
		<Unit filename="../mtl/Sort.h" />
		<Unit filename="../mtl/Vec.h" />
		<Unit filename="../mtl/XAlloc.h" />
		<Unit filename="../mtl/config.mk" />
		<Unit filename="../mtl/template.mk" />
		<Unit filename="../utils/Options.cc" />
		<Unit filename="../utils/Options.h" />
		<Unit filename="../utils/ParseUtils.h" />
		<Unit filename="../utils/System.cc" />
		<Unit filename="../utils/System.h" />
		<Extensions>
			<envvars />
			<code_completion />
			<debugger />
			<lib_finder disable_auto="1" />
		</Extensions>
	</Project>
</CodeBlocks_project_file>
